
Microsoft Visual Studio Solution File, Format Version 12.00
# Visual Studio 15
VisualStudioVersion = 15.0.28307.902
MinimumVisualStudioVersion = 10.0.40219.1
Project("{9A19103F-16F7-4668-BE54-9A1E7A4F7556}") = "TestDrivenDesign", "TestDrivenDesign\TestDrivenDesign.csproj", "{7A4BD00B-2EC1-4A38-B228-A6296EC492BD}"
EndProject
Project("{9A19103F-16F7-4668-BE54-9A1E7A4F7556}") = "UnitTestProject1", "UnitTestProject1\UnitTestProject1.csproj", "{B8246932-31B1-4253-B2C3-4B8DBB8FB23A}"
EndProject
Project("{9A19103F-16F7-4668-BE54-9A1E7A4F7556}") = "BetterDesign", "BetterDesign\BetterDesign.csproj", "{16B1F3DF-94C7-4304-8E48-64FF40841DF1}"
EndProject
Project("{9A19103F-16F7-4668-BE54-9A1E7A4F7556}") = "TradeProcessor", "TradeProcessor\TradeProcessor.csproj", "{0F365903-B7CD-4DF5-B777-5C2A8A0F4DCE}"
EndProject
Project("{9A19103F-16F7-4668-BE54-9A1E7A4F7556}") = "TestTradings", "TestTradings\TestTradings.csproj", "{0AACFA05-E1B2-4EB1-9589-7D8996106318}"
EndProject
Project("{9A19103F-16F7-4668-BE54-9A1E7A4F7556}") = "TestTradingGood", "TestTradingGood\TestTradingGood.csproj", "{8E319CA8-8759-47E3-AA8D-ECF7375AF22F}"
EndProject
Project("{9A19103F-16F7-4668-BE54-9A1E7A4F7556}") = "TradeProcessorRefactoring", "TradeProcessorRefactoring\TradeProcessorRefactoring.csproj", "{8A256600-D07B-4CE6-8930-929AB63B8BAD}"
EndProject
Project("{9A19103F-16F7-4668-BE54-9A1E7A4F7556}") = "TradeProcessorWithAbstraction", "TradeProcessorWithAbstraction\TradeProcessorWithAbstraction.csproj", "{05CFAD76-A636-48FA-9963-EECF312C24D0}"
EndProject
Project("{9A19103F-16F7-4668-BE54-9A1E7A4F7556}") = "SRPDecorator", "SRPDecorator\SRPDecorator.csproj", "{DB0FE81E-B0E6-4D68-9B6E-73F5D59AC96B}"
EndProject
Project("{9A19103F-16F7-4668-BE54-9A1E7A4F7556}") = "CompositePattern", "CompositePattern\CompositePattern.csproj", "{B2C4D0F4-5E7B-413B-850C-73E1BF1ADBA9}"
EndProject
Project("{9A19103F-16F7-4668-BE54-9A1E7A4F7556}") = "PredicateDecorator", "PredicateDecorator\PredicateDecorator.csproj", "{5D01C9A1-0ABA-44D4-849E-DD19BB105DD9}"
EndProject
Project("{9A19103F-16F7-4668-BE54-9A1E7A4F7556}") = "LoggingCalculator", "LoggingCalculator\LoggingCalculator.csproj", "{60278E68-6519-461C-AC0E-B1BB1A7583F7}"
EndProject
Project("{FAE04EC0-301F-11D3-BF4B-00C04F79EFBC}") = "PropertyDecorator", "PropertyDecorator\PropertyDecorator.csproj", "{3505AE86-33C3-4325-9E9E-4AE5372FF977}"
EndProject
Project("{FAE04EC0-301F-11D3-BF4B-00C04F79EFBC}") = "EventDecorator", "EventDecorator\EventDecorator.csproj", "{445BF81C-D05E-4ADD-B071-084F243487CF}"
EndProject
Project("{FAE04EC0-301F-11D3-BF4B-00C04F79EFBC}") = "LiskovSubst", "LiskovSubst\LiskovSubst.csproj", "{36846353-7498-4EB3-B8B4-39C6D456BEBB}"
EndProject
Global
	GlobalSection(SolutionConfigurationPlatforms) = preSolution
		Debug|Any CPU = Debug|Any CPU
		Release|Any CPU = Release|Any CPU
	EndGlobalSection
	GlobalSection(ProjectConfigurationPlatforms) = postSolution
		{7A4BD00B-2EC1-4A38-B228-A6296EC492BD}.Debug|Any CPU.ActiveCfg = Debug|Any CPU
		{7A4BD00B-2EC1-4A38-B228-A6296EC492BD}.Debug|Any CPU.Build.0 = Debug|Any CPU
		{7A4BD00B-2EC1-4A38-B228-A6296EC492BD}.Release|Any CPU.ActiveCfg = Release|Any CPU
		{7A4BD00B-2EC1-4A38-B228-A6296EC492BD}.Release|Any CPU.Build.0 = Release|Any CPU
		{B8246932-31B1-4253-B2C3-4B8DBB8FB23A}.Debug|Any CPU.ActiveCfg = Debug|Any CPU
		{B8246932-31B1-4253-B2C3-4B8DBB8FB23A}.Debug|Any CPU.Build.0 = Debug|Any CPU
		{B8246932-31B1-4253-B2C3-4B8DBB8FB23A}.Release|Any CPU.ActiveCfg = Release|Any CPU
		{B8246932-31B1-4253-B2C3-4B8DBB8FB23A}.Release|Any CPU.Build.0 = Release|Any CPU
		{16B1F3DF-94C7-4304-8E48-64FF40841DF1}.Debug|Any CPU.ActiveCfg = Debug|Any CPU
		{16B1F3DF-94C7-4304-8E48-64FF40841DF1}.Debug|Any CPU.Build.0 = Debug|Any CPU
		{16B1F3DF-94C7-4304-8E48-64FF40841DF1}.Release|Any CPU.ActiveCfg = Release|Any CPU
		{16B1F3DF-94C7-4304-8E48-64FF40841DF1}.Release|Any CPU.Build.0 = Release|Any CPU
		{0F365903-B7CD-4DF5-B777-5C2A8A0F4DCE}.Debug|Any CPU.ActiveCfg = Debug|Any CPU
		{0F365903-B7CD-4DF5-B777-5C2A8A0F4DCE}.Debug|Any CPU.Build.0 = Debug|Any CPU
		{0F365903-B7CD-4DF5-B777-5C2A8A0F4DCE}.Release|Any CPU.ActiveCfg = Release|Any CPU
		{0F365903-B7CD-4DF5-B777-5C2A8A0F4DCE}.Release|Any CPU.Build.0 = Release|Any CPU
		{0AACFA05-E1B2-4EB1-9589-7D8996106318}.Debug|Any CPU.ActiveCfg = Debug|Any CPU
		{0AACFA05-E1B2-4EB1-9589-7D8996106318}.Debug|Any CPU.Build.0 = Debug|Any CPU
		{0AACFA05-E1B2-4EB1-9589-7D8996106318}.Release|Any CPU.ActiveCfg = Release|Any CPU
		{0AACFA05-E1B2-4EB1-9589-7D8996106318}.Release|Any CPU.Build.0 = Release|Any CPU
		{8E319CA8-8759-47E3-AA8D-ECF7375AF22F}.Debug|Any CPU.ActiveCfg = Debug|Any CPU
		{8E319CA8-8759-47E3-AA8D-ECF7375AF22F}.Debug|Any CPU.Build.0 = Debug|Any CPU
		{8E319CA8-8759-47E3-AA8D-ECF7375AF22F}.Release|Any CPU.ActiveCfg = Release|Any CPU
		{8E319CA8-8759-47E3-AA8D-ECF7375AF22F}.Release|Any CPU.Build.0 = Release|Any CPU
		{8A256600-D07B-4CE6-8930-929AB63B8BAD}.Debug|Any CPU.ActiveCfg = Debug|Any CPU
		{8A256600-D07B-4CE6-8930-929AB63B8BAD}.Debug|Any CPU.Build.0 = Debug|Any CPU
		{8A256600-D07B-4CE6-8930-929AB63B8BAD}.Release|Any CPU.ActiveCfg = Release|Any CPU
		{8A256600-D07B-4CE6-8930-929AB63B8BAD}.Release|Any CPU.Build.0 = Release|Any CPU
		{05CFAD76-A636-48FA-9963-EECF312C24D0}.Debug|Any CPU.ActiveCfg = Debug|Any CPU
		{05CFAD76-A636-48FA-9963-EECF312C24D0}.Debug|Any CPU.Build.0 = Debug|Any CPU
		{05CFAD76-A636-48FA-9963-EECF312C24D0}.Release|Any CPU.ActiveCfg = Release|Any CPU
		{05CFAD76-A636-48FA-9963-EECF312C24D0}.Release|Any CPU.Build.0 = Release|Any CPU
		{DB0FE81E-B0E6-4D68-9B6E-73F5D59AC96B}.Debug|Any CPU.ActiveCfg = Debug|Any CPU
		{DB0FE81E-B0E6-4D68-9B6E-73F5D59AC96B}.Debug|Any CPU.Build.0 = Debug|Any CPU
		{DB0FE81E-B0E6-4D68-9B6E-73F5D59AC96B}.Release|Any CPU.ActiveCfg = Release|Any CPU
		{DB0FE81E-B0E6-4D68-9B6E-73F5D59AC96B}.Release|Any CPU.Build.0 = Release|Any CPU
		{B2C4D0F4-5E7B-413B-850C-73E1BF1ADBA9}.Debug|Any CPU.ActiveCfg = Debug|Any CPU
		{B2C4D0F4-5E7B-413B-850C-73E1BF1ADBA9}.Debug|Any CPU.Build.0 = Debug|Any CPU
		{B2C4D0F4-5E7B-413B-850C-73E1BF1ADBA9}.Release|Any CPU.ActiveCfg = Release|Any CPU
		{B2C4D0F4-5E7B-413B-850C-73E1BF1ADBA9}.Release|Any CPU.Build.0 = Release|Any CPU
		{5D01C9A1-0ABA-44D4-849E-DD19BB105DD9}.Debug|Any CPU.ActiveCfg = Debug|Any CPU
		{5D01C9A1-0ABA-44D4-849E-DD19BB105DD9}.Debug|Any CPU.Build.0 = Debug|Any CPU
		{5D01C9A1-0ABA-44D4-849E-DD19BB105DD9}.Release|Any CPU.ActiveCfg = Release|Any CPU
		{5D01C9A1-0ABA-44D4-849E-DD19BB105DD9}.Release|Any CPU.Build.0 = Release|Any CPU
		{60278E68-6519-461C-AC0E-B1BB1A7583F7}.Debug|Any CPU.ActiveCfg = Debug|Any CPU
		{60278E68-6519-461C-AC0E-B1BB1A7583F7}.Debug|Any CPU.Build.0 = Debug|Any CPU
		{60278E68-6519-461C-AC0E-B1BB1A7583F7}.Release|Any CPU.ActiveCfg = Release|Any CPU
		{60278E68-6519-461C-AC0E-B1BB1A7583F7}.Release|Any CPU.Build.0 = Release|Any CPU
		{3505AE86-33C3-4325-9E9E-4AE5372FF977}.Debug|Any CPU.ActiveCfg = Debug|Any CPU
		{3505AE86-33C3-4325-9E9E-4AE5372FF977}.Debug|Any CPU.Build.0 = Debug|Any CPU
		{3505AE86-33C3-4325-9E9E-4AE5372FF977}.Release|Any CPU.ActiveCfg = Release|Any CPU
		{3505AE86-33C3-4325-9E9E-4AE5372FF977}.Release|Any CPU.Build.0 = Release|Any CPU
		{445BF81C-D05E-4ADD-B071-084F243487CF}.Debug|Any CPU.ActiveCfg = Debug|Any CPU
		{445BF81C-D05E-4ADD-B071-084F243487CF}.Debug|Any CPU.Build.0 = Debug|Any CPU
		{445BF81C-D05E-4ADD-B071-084F243487CF}.Release|Any CPU.ActiveCfg = Release|Any CPU
		{445BF81C-D05E-4ADD-B071-084F243487CF}.Release|Any CPU.Build.0 = Release|Any CPU
		{36846353-7498-4EB3-B8B4-39C6D456BEBB}.Debug|Any CPU.ActiveCfg = Debug|Any CPU
		{36846353-7498-4EB3-B8B4-39C6D456BEBB}.Debug|Any CPU.Build.0 = Debug|Any CPU
		{36846353-7498-4EB3-B8B4-39C6D456BEBB}.Release|Any CPU.ActiveCfg = Release|Any CPU
		{36846353-7498-4EB3-B8B4-39C6D456BEBB}.Release|Any CPU.Build.0 = Release|Any CPU
	EndGlobalSection
	GlobalSection(SolutionProperties) = preSolution
		HideSolutionNode = FALSE
	EndGlobalSection
	GlobalSection(ExtensibilityGlobals) = postSolution
		SolutionGuid = {FD71AD20-B13D-4858-90E6-237B8CAA3C96}
	EndGlobalSection
EndGlobal
