
Microsoft Visual Studio Solution File, Format Version 12.00
# Visual Studio 15
VisualStudioVersion = 15.0.28307.902
MinimumVisualStudioVersion = 10.0.40219.1
Project("{9A19103F-16F7-4668-BE54-9A1E7A4F7556}") = "TestDrivenDesign", "TestDrivenDesign\TestDrivenDesign.csproj", "{7A4BD00B-2EC1-4A38-B228-A6296EC492BD}"
EndProject
Project("{9A19103F-16F7-4668-BE54-9A1E7A4F7556}") = "UnitTestProject1", "UnitTestProject1\UnitTestProject1.csproj", "{B8246932-31B1-4253-B2C3-4B8DBB8FB23A}"
EndProject
Project("{9A19103F-16F7-4668-BE54-9A1E7A4F7556}") = "BetterDesign", "BetterDesign\BetterDesign.csproj", "{16B1F3DF-94C7-4304-8E48-64FF40841DF1}"
EndProject
Project("{FAE04EC0-301F-11D3-BF4B-00C04F79EFBC}") = "TradeProcessor", "TradeProcessor\TradeProcessor.csproj", "{0F365903-B7CD-4DF5-B777-5C2A8A0F4DCE}"
EndProject
Global
	GlobalSection(SolutionConfigurationPlatforms) = preSolution
		Debug|Any CPU = Debug|Any CPU
		Release|Any CPU = Release|Any CPU
	EndGlobalSection
	GlobalSection(ProjectConfigurationPlatforms) = postSolution
		{7A4BD00B-2EC1-4A38-B228-A6296EC492BD}.Debug|Any CPU.ActiveCfg = Debug|Any CPU
		{7A4BD00B-2EC1-4A38-B228-A6296EC492BD}.Debug|Any CPU.Build.0 = Debug|Any CPU
		{7A4BD00B-2EC1-4A38-B228-A6296EC492BD}.Release|Any CPU.ActiveCfg = Release|Any CPU
		{7A4BD00B-2EC1-4A38-B228-A6296EC492BD}.Release|Any CPU.Build.0 = Release|Any CPU
		{B8246932-31B1-4253-B2C3-4B8DBB8FB23A}.Debug|Any CPU.ActiveCfg = Debug|Any CPU
		{B8246932-31B1-4253-B2C3-4B8DBB8FB23A}.Debug|Any CPU.Build.0 = Debug|Any CPU
		{B8246932-31B1-4253-B2C3-4B8DBB8FB23A}.Release|Any CPU.ActiveCfg = Release|Any CPU
		{B8246932-31B1-4253-B2C3-4B8DBB8FB23A}.Release|Any CPU.Build.0 = Release|Any CPU
		{16B1F3DF-94C7-4304-8E48-64FF40841DF1}.Debug|Any CPU.ActiveCfg = Debug|Any CPU
		{16B1F3DF-94C7-4304-8E48-64FF40841DF1}.Debug|Any CPU.Build.0 = Debug|Any CPU
		{16B1F3DF-94C7-4304-8E48-64FF40841DF1}.Release|Any CPU.ActiveCfg = Release|Any CPU
		{16B1F3DF-94C7-4304-8E48-64FF40841DF1}.Release|Any CPU.Build.0 = Release|Any CPU
		{0F365903-B7CD-4DF5-B777-5C2A8A0F4DCE}.Debug|Any CPU.ActiveCfg = Debug|Any CPU
		{0F365903-B7CD-4DF5-B777-5C2A8A0F4DCE}.Debug|Any CPU.Build.0 = Debug|Any CPU
		{0F365903-B7CD-4DF5-B777-5C2A8A0F4DCE}.Release|Any CPU.ActiveCfg = Release|Any CPU
		{0F365903-B7CD-4DF5-B777-5C2A8A0F4DCE}.Release|Any CPU.Build.0 = Release|Any CPU
	EndGlobalSection
	GlobalSection(SolutionProperties) = preSolution
		HideSolutionNode = FALSE
	EndGlobalSection
	GlobalSection(ExtensibilityGlobals) = postSolution
		SolutionGuid = {FD71AD20-B13D-4858-90E6-237B8CAA3C96}
	EndGlobalSection
EndGlobal
